# This file is automatically @generated by Cargo.
# It is not intended for manual editing.
version = 3

[[package]]
name = "addr2line"
version = "0.19.0"
source = "registry+https://github.com/rust-lang/crates.io-index"
checksum = "a76fd60b23679b7d19bd066031410fb7e458ccc5e958eb5c325888ce4baedc97"
dependencies = [
 "gimli",
]

[[package]]
name = "ahash"
version = "0.8.3"
source = "registry+https://github.com/rust-lang/crates.io-index"
checksum = "2c99f64d1e06488f620f932677e24bc6e2897582980441ae90a671415bd7ec2f"
dependencies = [
 "cfg-if",
 "once_cell",
 "version_check",
]

[[package]]
name = "ambient-authority"
version = "0.0.1"
source = "registry+https://github.com/rust-lang/crates.io-index"
checksum = "ec8ad6edb4840b78c5c3d88de606b22252d552b55f3a4699fbb10fc070ec3049"

[[package]]
name = "anyhow"
version = "1.0.66"
source = "registry+https://github.com/rust-lang/crates.io-index"
checksum = "216261ddc8289130e551ddcd5ce8a064710c0d064a4d2895c67151c92b5443f6"

[[package]]
name = "async-trait"
version = "0.1.59"
source = "registry+https://github.com/rust-lang/crates.io-index"
checksum = "31e6e93155431f3931513b243d371981bb2770112b370c82745a1d19d2f99364"
dependencies = [
 "proc-macro2",
 "quote",
 "syn",
]

[[package]]
name = "autocfg"
version = "1.1.0"
source = "registry+https://github.com/rust-lang/crates.io-index"
checksum = "d468802bab17cbc0cc575e9b053f41e72aa36bfa6b7f55e3529ffa43161b97fa"

[[package]]
name = "bincode"
version = "1.3.3"
source = "registry+https://github.com/rust-lang/crates.io-index"
checksum = "b1f45e9417d87227c7a56d22e471c6206462cba514c7590c09aff4cf6d1ddcad"
dependencies = [
 "serde",
]

[[package]]
name = "bitflags"
version = "1.3.2"
source = "registry+https://github.com/rust-lang/crates.io-index"
checksum = "bef38d45163c2f1dde094a7dfd33ccf595c92905c8f8f4fdc18d06fb1037718a"

[[package]]
name = "bumpalo"
version = "3.11.1"
source = "registry+https://github.com/rust-lang/crates.io-index"
checksum = "572f695136211188308f16ad2ca5c851a712c464060ae6974944458eb83880ba"

[[package]]
name = "byteorder"
version = "1.4.3"
source = "registry+https://github.com/rust-lang/crates.io-index"
checksum = "14c189c53d098945499cdfa7ecc63567cf3886b3332b312a5b4585d8d3a6a610"

[[package]]
name = "cap-fs-ext"
version = "1.0.4"
source = "registry+https://github.com/rust-lang/crates.io-index"
checksum = "f47803dcc03c12be7f7e57a31deadee79bbf7a07305f5374f30bcadd787e3c65"
dependencies = [
 "cap-primitives",
 "cap-std",
 "io-lifetimes",
 "windows-sys 0.42.0",
]

[[package]]
name = "cap-primitives"
version = "1.0.4"
source = "registry+https://github.com/rust-lang/crates.io-index"
checksum = "55176c5ce779ef9f4a3e54fe64289d96e951792aa9602de217ac82472df2c54c"
dependencies = [
 "ambient-authority",
 "fs-set-times",
 "io-extras",
 "io-lifetimes",
 "ipnet",
 "maybe-owned",
 "rustix",
 "windows-sys 0.42.0",
 "winx",
]

[[package]]
name = "cap-rand"
version = "1.0.5"
source = "registry+https://github.com/rust-lang/crates.io-index"
checksum = "103e94d97d73504c5fa6ffb47135d5627ce5ff84a4ad37e8219103ddc291de24"
dependencies = [
 "ambient-authority",
 "rand",
]

[[package]]
name = "cap-std"
version = "1.0.4"
source = "registry+https://github.com/rust-lang/crates.io-index"
checksum = "d85f836d386cbcbdb045b7ea1f8fb538ce8aacadc06599f91570881f23338926"
dependencies = [
 "cap-primitives",
 "io-extras",
 "io-lifetimes",
 "ipnet",
 "rustix",
]

[[package]]
name = "cap-time-ext"
version = "1.0.4"
source = "registry+https://github.com/rust-lang/crates.io-index"
checksum = "4cbc0de1c393e0d10e78c37f06a991951eb55d6e8758b225f256f3562a242101"
dependencies = [
 "cap-primitives",
 "once_cell",
 "rustix",
 "winx",
]

[[package]]
name = "cc"
version = "1.0.77"
source = "registry+https://github.com/rust-lang/crates.io-index"
checksum = "e9f73505338f7d905b19d18738976aae232eb46b8efc15554ffc56deb5d9ebe4"

[[package]]
name = "cfg-if"
version = "1.0.0"
source = "registry+https://github.com/rust-lang/crates.io-index"
checksum = "baf1de4339761588bc0619e3cbc0120ee582ebb74b53b4efbf79117bd2da40fd"

[[package]]
name = "cpp_demangle"
version = "0.3.5"
source = "registry+https://github.com/rust-lang/crates.io-index"
checksum = "eeaa953eaad386a53111e47172c2fedba671e5684c8dd601a5f474f4f118710f"
dependencies = [
 "cfg-if",
]

[[package]]
name = "cranelift-bforest"
version = "0.95.1"
source = "registry+https://github.com/rust-lang/crates.io-index"
checksum = "1277fbfa94bc82c8ec4af2ded3e639d49ca5f7f3c7eeab2c66accd135ece4e70"
dependencies = [
 "cranelift-entity",
]

[[package]]
name = "cranelift-codegen"
version = "0.95.1"
source = "registry+https://github.com/rust-lang/crates.io-index"
checksum = "c6e8c31ad3b2270e9aeec38723888fe1b0ace3bea2b06b3f749ccf46661d3220"
dependencies = [
 "bumpalo",
 "cranelift-bforest",
 "cranelift-codegen-meta",
 "cranelift-codegen-shared",
 "cranelift-entity",
 "cranelift-isle",
 "gimli",
 "hashbrown 0.13.2",
 "log",
 "regalloc2",
 "smallvec",
 "target-lexicon",
]

[[package]]
name = "cranelift-codegen-meta"
version = "0.95.1"
source = "registry+https://github.com/rust-lang/crates.io-index"
checksum = "c8ac5ac30d62b2d66f12651f6b606dbdfd9c2cfd0908de6b387560a277c5c9da"
dependencies = [
 "cranelift-codegen-shared",
]

[[package]]
name = "cranelift-codegen-shared"
version = "0.95.1"
source = "registry+https://github.com/rust-lang/crates.io-index"
checksum = "dd82b8b376247834b59ed9bdc0ddeb50f517452827d4a11bccf5937b213748b8"

[[package]]
name = "cranelift-entity"
version = "0.95.1"
source = "registry+https://github.com/rust-lang/crates.io-index"
checksum = "40099d38061b37e505e63f89bab52199037a72b931ad4868d9089ff7268660b0"
dependencies = [
 "serde",
]

[[package]]
name = "cranelift-frontend"
version = "0.95.1"
source = "registry+https://github.com/rust-lang/crates.io-index"
checksum = "64a25d9d0a0ae3079c463c34115ec59507b4707175454f0eee0891e83e30e82d"
dependencies = [
 "cranelift-codegen",
 "log",
 "smallvec",
 "target-lexicon",
]

[[package]]
name = "cranelift-isle"
version = "0.95.1"
source = "registry+https://github.com/rust-lang/crates.io-index"
checksum = "80de6a7d0486e4acbd5f9f87ec49912bf4c8fb6aea00087b989685460d4469ba"

[[package]]
name = "cranelift-native"
version = "0.95.1"
source = "registry+https://github.com/rust-lang/crates.io-index"
checksum = "bb6b03e0e03801c4b3fd8ce0758a94750c07a44e7944cc0ffbf0d3f2e7c79b00"
dependencies = [
 "cranelift-codegen",
 "libc",
 "target-lexicon",
]

[[package]]
name = "cranelift-wasm"
version = "0.95.1"
source = "registry+https://github.com/rust-lang/crates.io-index"
checksum = "ff3220489a3d928ad91e59dd7aeaa8b3de18afb554a6211213673a71c90737ac"
dependencies = [
 "cranelift-codegen",
 "cranelift-entity",
 "cranelift-frontend",
 "itertools",
 "log",
 "smallvec",
 "wasmparser",
 "wasmtime-types",
]

[[package]]
name = "crc32fast"
version = "1.3.2"
source = "registry+https://github.com/rust-lang/crates.io-index"
checksum = "b540bd8bc810d3885c6ea91e2018302f68baba2129ab3e88f32389ee9370880d"
dependencies = [
 "cfg-if",
]

[[package]]
name = "cxx"
version = "1.0.83"
source = "registry+https://github.com/rust-lang/crates.io-index"
checksum = "bdf07d07d6531bfcdbe9b8b739b104610c6508dcc4d63b410585faf338241daf"
dependencies = [
 "cc",
 "cxxbridge-flags",
 "cxxbridge-macro",
 "link-cplusplus",
]

[[package]]
name = "cxxbridge-flags"
version = "1.0.83"
source = "registry+https://github.com/rust-lang/crates.io-index"
checksum = "ac040a39517fd1674e0f32177648334b0f4074625b5588a64519804ba0553b12"

[[package]]
name = "cxxbridge-macro"
version = "1.0.83"
source = "registry+https://github.com/rust-lang/crates.io-index"
checksum = "1362b0ddcfc4eb0a1f57b68bd77dd99f0e826958a96abd0ae9bd092e114ffed6"
dependencies = [
 "proc-macro2",
 "quote",
 "syn",
]

[[package]]
name = "dirs"
version = "4.0.0"
source = "registry+https://github.com/rust-lang/crates.io-index"
checksum = "ca3aa72a6f96ea37bbc5aa912f6788242832f75369bdfdadcb0e38423f100059"
dependencies = [
 "dirs-sys",
]

[[package]]
name = "dirs-sys"
version = "0.3.7"
source = "registry+https://github.com/rust-lang/crates.io-index"
checksum = "1b1d1d91c932ef41c0f2663aa8b0ca0342d444d842c06914aa0a7e352d0bada6"
dependencies = [
 "libc",
 "redox_users",
 "winapi",
]

[[package]]
name = "either"
version = "1.8.0"
source = "registry+https://github.com/rust-lang/crates.io-index"
checksum = "90e5c1c8368803113bf0c9584fc495a58b86dc8a29edbf8fe877d21d9507e797"

[[package]]
name = "errno"
version = "0.3.8"
source = "registry+https://github.com/rust-lang/crates.io-index"
checksum = "a258e46cdc063eb8519c00b9fc845fc47bcfca4130e2f08e88665ceda8474245"
dependencies = [
 "libc",
 "windows-sys 0.52.0",
]

[[package]]
name = "fallible-iterator"
version = "0.2.0"
source = "registry+https://github.com/rust-lang/crates.io-index"
checksum = "4443176a9f2c162692bd3d352d745ef9413eec5782a80d8fd6f8a1ac692a07f7"

[[package]]
name = "fd-lock"
version = "3.0.9"
source = "registry+https://github.com/rust-lang/crates.io-index"
checksum = "28c0190ff0bd3b28bfdd4d0cf9f92faa12880fb0b8ae2054723dd6c76a4efd42"
dependencies = [
 "cfg-if",
 "rustix",
 "windows-sys 0.42.0",
]

[[package]]
name = "form_urlencoded"
version = "1.1.0"
source = "registry+https://github.com/rust-lang/crates.io-index"
checksum = "a9c384f161156f5260c24a097c56119f9be8c798586aecc13afbcbe7b7e26bf8"
dependencies = [
 "percent-encoding",
]

[[package]]
name = "fs-set-times"
version = "0.18.0"
source = "registry+https://github.com/rust-lang/crates.io-index"
checksum = "e25ca26b0001154679ce0901527330e6153b670d17ccd1f86bab4e45dfba1a74"
dependencies = [
 "io-lifetimes",
 "rustix",
 "windows-sys 0.42.0",
]

[[package]]
name = "futures"
version = "0.3.25"
source = "registry+https://github.com/rust-lang/crates.io-index"
checksum = "38390104763dc37a5145a53c29c63c1290b5d316d6086ec32c293f6736051bb0"
dependencies = [
 "futures-channel",
 "futures-core",
 "futures-executor",
 "futures-io",
 "futures-sink",
 "futures-task",
 "futures-util",
]

[[package]]
name = "futures-channel"
version = "0.3.25"
source = "registry+https://github.com/rust-lang/crates.io-index"
checksum = "52ba265a92256105f45b719605a571ffe2d1f0fea3807304b522c1d778f79eed"
dependencies = [
 "futures-core",
 "futures-sink",
]

[[package]]
name = "futures-core"
version = "0.3.25"
source = "registry+https://github.com/rust-lang/crates.io-index"
checksum = "04909a7a7e4633ae6c4a9ab280aeb86da1236243a77b694a49eacd659a4bd3ac"

[[package]]
name = "futures-executor"
version = "0.3.25"
source = "registry+https://github.com/rust-lang/crates.io-index"
checksum = "7acc85df6714c176ab5edf386123fafe217be88c0840ec11f199441134a074e2"
dependencies = [
 "futures-core",
 "futures-task",
 "futures-util",
]

[[package]]
name = "futures-io"
version = "0.3.25"
source = "registry+https://github.com/rust-lang/crates.io-index"
checksum = "00f5fb52a06bdcadeb54e8d3671f8888a39697dcb0b81b23b55174030427f4eb"

[[package]]
name = "futures-macro"
version = "0.3.25"
source = "registry+https://github.com/rust-lang/crates.io-index"
checksum = "bdfb8ce053d86b91919aad980c220b1fb8401a9394410e1c289ed7e66b61835d"
dependencies = [
 "proc-macro2",
 "quote",
 "syn",
]

[[package]]
name = "futures-sink"
version = "0.3.25"
source = "registry+https://github.com/rust-lang/crates.io-index"
checksum = "39c15cf1a4aa79df40f1bb462fb39676d0ad9e366c2a33b590d7c66f4f81fcf9"

[[package]]
name = "futures-task"
version = "0.3.25"
source = "registry+https://github.com/rust-lang/crates.io-index"
checksum = "2ffb393ac5d9a6eaa9d3fdf37ae2776656b706e200c8e16b1bdb227f5198e6ea"

[[package]]
name = "futures-util"
version = "0.3.25"
source = "registry+https://github.com/rust-lang/crates.io-index"
checksum = "197676987abd2f9cadff84926f410af1c183608d36641465df73ae8211dc65d6"
dependencies = [
 "futures-channel",
 "futures-core",
 "futures-io",
 "futures-macro",
 "futures-sink",
 "futures-task",
 "memchr",
 "pin-project-lite",
 "pin-utils",
 "slab",
]

[[package]]
name = "fxhash"
version = "0.2.1"
source = "registry+https://github.com/rust-lang/crates.io-index"
checksum = "c31b6d751ae2c7f11320402d34e41349dd1016f8d5d45e48c4312bc8625af50c"
dependencies = [
 "byteorder",
]

[[package]]
name = "getrandom"
version = "0.2.8"
source = "registry+https://github.com/rust-lang/crates.io-index"
checksum = "c05aeb6a22b8f62540c194aac980f2115af067bfe15a0734d7277a768d396b31"
dependencies = [
 "cfg-if",
 "libc",
 "wasi",
]

[[package]]
name = "gimli"
version = "0.27.2"
source = "registry+https://github.com/rust-lang/crates.io-index"
checksum = "ad0a93d233ebf96623465aad4046a8d3aa4da22d4f4beba5388838c8a434bbb4"
dependencies = [
 "fallible-iterator",
 "indexmap",
 "stable_deref_trait",
]

[[package]]
name = "hashbrown"
version = "0.12.3"
source = "registry+https://github.com/rust-lang/crates.io-index"
checksum = "8a9ee70c43aaf417c914396645a0fa852624801b24ebb7ae78fe8272889ac888"

[[package]]
name = "hashbrown"
version = "0.13.2"
source = "registry+https://github.com/rust-lang/crates.io-index"
checksum = "43a3c133739dddd0d2990f9a4bdf8eb4b21ef50e4851ca85ab661199821d510e"
dependencies = [
 "ahash",
]

[[package]]
name = "heck"
version = "0.4.0"
source = "registry+https://github.com/rust-lang/crates.io-index"
checksum = "2540771e65fc8cb83cd6e8a237f70c319bd5c29f78ed1084ba5d50eeac86f7f9"

[[package]]
name = "hermit-abi"
version = "0.2.6"
source = "registry+https://github.com/rust-lang/crates.io-index"
checksum = "ee512640fe35acbfb4bb779db6f0d80704c2cacfa2e39b601ef3e3f47d1ae4c7"
dependencies = [
 "libc",
]

[[package]]
name = "id-arena"
version = "2.2.1"
source = "registry+https://github.com/rust-lang/crates.io-index"
checksum = "25a2bc672d1148e28034f176e01fffebb08b35768468cc954630da77a1449005"

[[package]]
name = "idna"
version = "0.3.0"
source = "registry+https://github.com/rust-lang/crates.io-index"
checksum = "e14ddfc70884202db2244c223200c204c2bda1bc6e0998d11b5e024d657209e6"
dependencies = [
 "unicode-bidi",
 "unicode-normalization",
]

[[package]]
name = "inc"
version = "0.1.0"
dependencies = [
 "cxx",
]

[[package]]
name = "indexmap"
version = "1.9.2"
source = "registry+https://github.com/rust-lang/crates.io-index"
checksum = "1885e79c1fc4b10f0e172c475f458b7f7b93061064d98c3293e98c5ba0c8b399"
dependencies = [
 "autocfg",
 "hashbrown 0.12.3",
 "serde",
]

[[package]]
name = "io-extras"
version = "0.17.1"
source = "registry+https://github.com/rust-lang/crates.io-index"
checksum = "b87bc110777311d7832025f38c4ab0f089f764644009edef3b5cbadfedee8c40"
dependencies = [
 "io-lifetimes",
 "windows-sys 0.42.0",
]

[[package]]
name = "io-lifetimes"
version = "1.0.4"
source = "registry+https://github.com/rust-lang/crates.io-index"
checksum = "e7d6c6f8c91b4b9ed43484ad1a938e393caf35960fce7f82a040497207bd8e9e"
dependencies = [
 "libc",
 "windows-sys 0.42.0",
]

[[package]]
name = "ipnet"
version = "2.5.1"
source = "registry+https://github.com/rust-lang/crates.io-index"
checksum = "f88c5561171189e69df9d98bcf18fd5f9558300f7ea7b801eb8a0fd748bd8745"

[[package]]
name = "is-terminal"
version = "0.4.2"
source = "registry+https://github.com/rust-lang/crates.io-index"
checksum = "28dfb6c8100ccc63462345b67d1bbc3679177c75ee4bf59bf29c8b1d110b8189"
dependencies = [
 "hermit-abi",
 "io-lifetimes",
 "rustix",
 "windows-sys 0.42.0",
]

[[package]]
name = "itertools"
version = "0.10.5"
source = "registry+https://github.com/rust-lang/crates.io-index"
checksum = "b0fd2260e829bddf4cb6ea802289de2f86d6a7a690192fbe91b3f46e0f2c8473"
dependencies = [
 "either",
]

[[package]]
name = "itoa"
version = "1.0.4"
source = "registry+https://github.com/rust-lang/crates.io-index"
checksum = "4217ad341ebadf8d8e724e264f13e593e0648f5b3e94b3896a5df283be015ecc"

[[package]]
name = "leb128"
version = "0.2.5"
source = "registry+https://github.com/rust-lang/crates.io-index"
checksum = "884e2677b40cc8c339eaefcb701c32ef1fd2493d71118dc0ca4b6a736c93bd67"

[[package]]
name = "libc"
version = "0.2.138"
source = "registry+https://github.com/rust-lang/crates.io-index"
checksum = "db6d7e329c562c5dfab7a46a2afabc8b987ab9a4834c9d1ca04dc54c1546cef8"

[[package]]
name = "link-cplusplus"
version = "1.0.7"
source = "registry+https://github.com/rust-lang/crates.io-index"
checksum = "9272ab7b96c9046fbc5bc56c06c117cb639fe2d509df0c421cad82d2915cf369"
dependencies = [
 "cc",
]

[[package]]
name = "linux-raw-sys"
version = "0.1.4"
source = "registry+https://github.com/rust-lang/crates.io-index"
checksum = "f051f77a7c8e6957c0696eac88f26b0117e54f52d3fc682ab19397a8812846a4"

[[package]]
name = "log"
version = "0.4.17"
source = "registry+https://github.com/rust-lang/crates.io-index"
checksum = "abb12e687cfb44aa40f41fc3978ef76448f9b6038cad6aef4259d3c095a2382e"
dependencies = [
 "cfg-if",
]

[[package]]
name = "mach"
version = "0.3.2"
source = "registry+https://github.com/rust-lang/crates.io-index"
checksum = "b823e83b2affd8f40a9ee8c29dbc56404c1e34cd2710921f2801e2cf29527afa"
dependencies = [
 "libc",
]

[[package]]
name = "maybe-owned"
version = "0.3.4"
source = "registry+https://github.com/rust-lang/crates.io-index"
checksum = "4facc753ae494aeb6e3c22f839b158aebd4f9270f55cd3c79906c45476c47ab4"

[[package]]
name = "memchr"
version = "2.5.0"
source = "registry+https://github.com/rust-lang/crates.io-index"
checksum = "2dffe52ecf27772e601905b7522cb4ef790d2cc203488bbd0e2fe85fcb74566d"

[[package]]
name = "memfd"
version = "0.6.2"
source = "registry+https://github.com/rust-lang/crates.io-index"
checksum = "b20a59d985586e4a5aef64564ac77299f8586d8be6cf9106a5a40207e8908efb"
dependencies = [
 "rustix",
]

[[package]]
name = "memoffset"
version = "0.8.0"
source = "registry+https://github.com/rust-lang/crates.io-index"
checksum = "d61c719bcfbcf5d62b3a09efa6088de8c54bc0bfcd3ea7ae39fcc186108b8de1"
dependencies = [
 "autocfg",
]

[[package]]
name = "object"
version = "0.30.3"
source = "registry+https://github.com/rust-lang/crates.io-index"
checksum = "ea86265d3d3dcb6a27fc51bd29a4bf387fae9d2986b823079d4986af253eb439"
dependencies = [
 "crc32fast",
 "hashbrown 0.13.2",
 "indexmap",
 "memchr",
]

[[package]]
name = "once_cell"
version = "1.16.0"
source = "registry+https://github.com/rust-lang/crates.io-index"
checksum = "86f0b0d4bf799edbc74508c1e8bf170ff5f41238e5f8225603ca7caaae2b7860"

[[package]]
name = "paste"
version = "1.0.9"
source = "registry+https://github.com/rust-lang/crates.io-index"
checksum = "b1de2e551fb905ac83f73f7aedf2f0cb4a0da7e35efa24a202a936269f1f18e1"

[[package]]
name = "percent-encoding"
version = "2.2.0"
source = "registry+https://github.com/rust-lang/crates.io-index"
checksum = "478c572c3d73181ff3c2539045f6eb99e5491218eae919370993b890cdbdd98e"

[[package]]
name = "pin-project-lite"
version = "0.2.9"
source = "registry+https://github.com/rust-lang/crates.io-index"
checksum = "e0a7ae3ac2f1173085d398531c705756c94a4c56843785df85a60c1a0afac116"

[[package]]
name = "pin-utils"
version = "0.1.0"
source = "registry+https://github.com/rust-lang/crates.io-index"
checksum = "8b870d8c151b6f2fb93e84a13146138f05d02ed11c7e7c54f8826aaaf7c9f184"

[[package]]
name = "ppv-lite86"
version = "0.2.17"
source = "registry+https://github.com/rust-lang/crates.io-index"
checksum = "5b40af805b3121feab8a3c29f04d8ad262fa8e0561883e7653e024ae4479e6de"

[[package]]
name = "proc-macro2"
version = "1.0.47"
source = "registry+https://github.com/rust-lang/crates.io-index"
checksum = "5ea3d908b0e36316caf9e9e2c4625cdde190a7e6f440d794667ed17a1855e725"
dependencies = [
 "unicode-ident",
]

[[package]]
name = "psm"
version = "0.1.21"
source = "registry+https://github.com/rust-lang/crates.io-index"
checksum = "5787f7cda34e3033a72192c018bc5883100330f362ef279a8cbccfce8bb4e874"
dependencies = [
 "cc",
]

[[package]]
name = "pulldown-cmark"
version = "0.8.0"
source = "registry+https://github.com/rust-lang/crates.io-index"
checksum = "ffade02495f22453cd593159ea2f59827aae7f53fa8323f756799b670881dcf8"
dependencies = [
 "bitflags",
 "memchr",
 "unicase",
]

[[package]]
name = "quote"
version = "1.0.21"
source = "registry+https://github.com/rust-lang/crates.io-index"
checksum = "bbe448f377a7d6961e30f5955f9b8d106c3f5e449d493ee1b125c1d43c2b5179"
dependencies = [
 "proc-macro2",
]

[[package]]
name = "rand"
version = "0.8.5"
source = "registry+https://github.com/rust-lang/crates.io-index"
checksum = "34af8d1a0e25924bc5b7c43c079c942339d8f0a8b57c39049bef581b46327404"
dependencies = [
 "libc",
 "rand_chacha",
 "rand_core",
]

[[package]]
name = "rand_chacha"
version = "0.3.1"
source = "registry+https://github.com/rust-lang/crates.io-index"
checksum = "e6c10a63a0fa32252be49d21e7709d4d4baf8d231c2dbce1eaa8141b9b127d88"
dependencies = [
 "ppv-lite86",
 "rand_core",
]

[[package]]
name = "rand_core"
version = "0.6.4"
source = "registry+https://github.com/rust-lang/crates.io-index"
checksum = "ec0be4795e2f6a28069bec0b5ff3e2ac9bafc99e6a9a7dc3547996c5c816922c"
dependencies = [
 "getrandom",
]

[[package]]
name = "redox_syscall"
version = "0.2.16"
source = "registry+https://github.com/rust-lang/crates.io-index"
checksum = "fb5a58c1855b4b6819d59012155603f0b22ad30cad752600aadfcb695265519a"
dependencies = [
 "bitflags",
]

[[package]]
name = "redox_users"
version = "0.4.3"
source = "registry+https://github.com/rust-lang/crates.io-index"
checksum = "b033d837a7cf162d7993aded9304e30a83213c648b6e389db233191f891e5c2b"
dependencies = [
 "getrandom",
 "redox_syscall",
 "thiserror",
]

[[package]]
name = "regalloc2"
version = "0.6.1"
source = "registry+https://github.com/rust-lang/crates.io-index"
checksum = "80535183cae11b149d618fbd3c37e38d7cda589d82d7769e196ca9a9042d7621"
dependencies = [
 "fxhash",
 "log",
 "slice-group-by",
 "smallvec",
]

[[package]]
name = "rust_combined"
version = "0.1.0"
dependencies = [
 "inc",
 "wasmtime_bindings",
]

[[package]]
name = "rustc-demangle"
version = "0.1.21"
source = "registry+https://github.com/rust-lang/crates.io-index"
checksum = "7ef03e0a2b150c7a90d01faf6254c9c48a41e95fb2a8c2ac1c6f0d2b9aefc342"

[[package]]
name = "rustix"
version = "0.36.17"
source = "registry+https://github.com/rust-lang/crates.io-index"
checksum = "305efbd14fde4139eb501df5f136994bb520b033fa9fbdce287507dc23b8c7ed"
dependencies = [
 "bitflags",
 "errno",
 "io-lifetimes",
 "itoa",
 "libc",
 "linux-raw-sys",
 "once_cell",
 "windows-sys 0.45.0",
]

[[package]]
name = "serde"
version = "1.0.149"
source = "registry+https://github.com/rust-lang/crates.io-index"
checksum = "256b9932320c590e707b94576e3cc1f7c9024d0ee6612dfbcf1cb106cbe8e055"
dependencies = [
 "serde_derive",
]

[[package]]
name = "serde_derive"
version = "1.0.149"
source = "registry+https://github.com/rust-lang/crates.io-index"
checksum = "b4eae9b04cbffdfd550eb462ed33bc6a1b68c935127d008b27444d08380f94e4"
dependencies = [
 "proc-macro2",
 "quote",
 "syn",
]

[[package]]
name = "shellexpand"
version = "2.1.2"
source = "registry+https://github.com/rust-lang/crates.io-index"
checksum = "7ccc8076840c4da029af4f87e4e8daeb0fca6b87bbb02e10cb60b791450e11e4"
dependencies = [
 "dirs",
]

[[package]]
name = "slab"
version = "0.4.7"
source = "registry+https://github.com/rust-lang/crates.io-index"
checksum = "4614a76b2a8be0058caa9dbbaf66d988527d86d003c11a94fbd335d7661edcef"
dependencies = [
 "autocfg",
]

[[package]]
name = "slice-group-by"
version = "0.3.0"
source = "registry+https://github.com/rust-lang/crates.io-index"
checksum = "03b634d87b960ab1a38c4fe143b508576f075e7c978bfad18217645ebfdfa2ec"

[[package]]
name = "smallvec"
version = "1.10.0"
source = "registry+https://github.com/rust-lang/crates.io-index"
checksum = "a507befe795404456341dfab10cef66ead4c041f62b8b11bbb92bffe5d0953e0"

[[package]]
name = "stable_deref_trait"
version = "1.2.0"
source = "registry+https://github.com/rust-lang/crates.io-index"
checksum = "a8f112729512f8e442d81f95a8a7ddf2b7c6b8a1a6f509a95864142b30cab2d3"

[[package]]
name = "syn"
version = "1.0.105"
source = "registry+https://github.com/rust-lang/crates.io-index"
checksum = "60b9b43d45702de4c839cb9b51d9f529c5dd26a4aff255b42b1ebc03e88ee908"
dependencies = [
 "proc-macro2",
 "quote",
 "unicode-ident",
]

[[package]]
name = "system-interface"
version = "0.25.3"
source = "registry+https://github.com/rust-lang/crates.io-index"
checksum = "6afe2d3c354cfbfdc14611db99b272f59f80289a2abe30c8b4355ee619bc22ef"
dependencies = [
 "bitflags",
 "cap-fs-ext",
 "cap-std",
 "fd-lock",
 "io-lifetimes",
 "rustix",
 "windows-sys 0.42.0",
 "winx",
]

[[package]]
name = "target-lexicon"
version = "0.12.5"
source = "registry+https://github.com/rust-lang/crates.io-index"
checksum = "9410d0f6853b1d94f0e519fb95df60f29d2c1eff2d921ffdf01a4c8a3b54f12d"

[[package]]
name = "thiserror"
version = "1.0.37"
source = "registry+https://github.com/rust-lang/crates.io-index"
checksum = "10deb33631e3c9018b9baf9dcbbc4f737320d2b576bac10f6aefa048fa407e3e"
dependencies = [
 "thiserror-impl",
]

[[package]]
name = "thiserror-impl"
version = "1.0.37"
source = "registry+https://github.com/rust-lang/crates.io-index"
checksum = "982d17546b47146b28f7c22e3d08465f6b8903d0ea13c1660d9d84a6e7adcdbb"
dependencies = [
 "proc-macro2",
 "quote",
 "syn",
]

[[package]]
name = "tinyvec"
version = "1.6.0"
source = "registry+https://github.com/rust-lang/crates.io-index"
checksum = "87cc5ceb3875bb20c2890005a4e226a4651264a5c75edb2421b52861a0a0cb50"
dependencies = [
 "tinyvec_macros",
]

[[package]]
name = "tinyvec_macros"
version = "0.1.1"
source = "registry+https://github.com/rust-lang/crates.io-index"
checksum = "1f3ccbac311fea05f86f61904b462b55fb3df8837a366dfc601a0161d0532f20"

[[package]]
name = "tracing"
version = "0.1.37"
source = "registry+https://github.com/rust-lang/crates.io-index"
checksum = "8ce8c33a8d48bd45d624a6e523445fd21ec13d3653cd51f681abf67418f54eb8"
dependencies = [
 "cfg-if",
 "log",
 "pin-project-lite",
 "tracing-attributes",
 "tracing-core",
]

[[package]]
name = "tracing-attributes"
version = "0.1.23"
source = "registry+https://github.com/rust-lang/crates.io-index"
checksum = "4017f8f45139870ca7e672686113917c71c7a6e02d4924eda67186083c03081a"
dependencies = [
 "proc-macro2",
 "quote",
 "syn",
]

[[package]]
name = "tracing-core"
version = "0.1.30"
source = "registry+https://github.com/rust-lang/crates.io-index"
checksum = "24eb03ba0eab1fd845050058ce5e616558e8f8d8fca633e6b163fe25c797213a"
dependencies = [
 "once_cell",
]

[[package]]
name = "unicase"
version = "2.6.0"
source = "registry+https://github.com/rust-lang/crates.io-index"
checksum = "50f37be617794602aabbeee0be4f259dc1778fabe05e2d67ee8f79326d5cb4f6"
dependencies = [
 "version_check",
]

[[package]]
name = "unicode-bidi"
version = "0.3.10"
source = "registry+https://github.com/rust-lang/crates.io-index"
checksum = "d54675592c1dbefd78cbd98db9bacd89886e1ca50692a0692baefffdeb92dd58"

[[package]]
name = "unicode-ident"
version = "1.0.5"
source = "registry+https://github.com/rust-lang/crates.io-index"
checksum = "6ceab39d59e4c9499d4e5a8ee0e2735b891bb7308ac83dfb4e80cad195c9f6f3"

[[package]]
name = "unicode-normalization"
version = "0.1.22"
source = "registry+https://github.com/rust-lang/crates.io-index"
checksum = "5c5713f0fc4b5db668a2ac63cdb7bb4469d8c9fed047b1d0292cc7b0ce2ba921"
dependencies = [
 "tinyvec",
]

[[package]]
name = "unicode-width"
version = "0.1.10"
source = "registry+https://github.com/rust-lang/crates.io-index"
checksum = "c0edd1e5b14653f783770bce4a4dabb4a5108a5370a5f5d8cfe8710c361f6c8b"

[[package]]
name = "unicode-xid"
version = "0.2.4"
source = "registry+https://github.com/rust-lang/crates.io-index"
checksum = "f962df74c8c05a667b5ee8bcf162993134c104e96440b663c8daa176dc772d8c"

[[package]]
name = "url"
version = "2.3.1"
source = "registry+https://github.com/rust-lang/crates.io-index"
checksum = "0d68c799ae75762b8c3fe375feb6600ef5602c883c5d21eb51c09f22b83c4643"
dependencies = [
 "form_urlencoded",
 "idna",
 "percent-encoding",
]

[[package]]
name = "version_check"
version = "0.9.4"
source = "registry+https://github.com/rust-lang/crates.io-index"
checksum = "49874b5167b65d7193b8aba1567f5c7d93d001cafc34600cee003eda787e483f"

[[package]]
name = "wasi"
version = "0.11.0+wasi-snapshot-preview1"
source = "registry+https://github.com/rust-lang/crates.io-index"
checksum = "9c8d87e72b64a3b4db28d11ce29237c246188f4f51057d65a7eab63b7987e423"

[[package]]
name = "wasi-cap-std-sync"
version = "8.0.1"
source = "registry+https://github.com/rust-lang/crates.io-index"
checksum = "612510e6c7b6681f7d29ce70ef26e18349c26acd39b7d89f1727d90b7f58b20e"
dependencies = [
 "anyhow",
 "async-trait",
 "cap-fs-ext",
 "cap-rand",
 "cap-std",
 "cap-time-ext",
 "fs-set-times",
 "io-extras",
 "io-lifetimes",
 "is-terminal",
 "once_cell",
 "rustix",
 "system-interface",
 "tracing",
 "wasi-common",
 "windows-sys 0.45.0",
]

[[package]]
name = "wasi-common"
version = "8.0.1"
source = "registry+https://github.com/rust-lang/crates.io-index"
checksum = "008136464e438c5049a614b6ea1bae9f6c4d354ce9ee2b4d9a1ac6e73f31aafc"
dependencies = [
 "anyhow",
 "bitflags",
 "cap-rand",
 "cap-std",
 "io-extras",
 "log",
 "rustix",
 "thiserror",
 "tracing",
 "wasmtime",
 "wiggle",
 "windows-sys 0.45.0",
]

[[package]]
name = "wasm-encoder"
version = "0.26.0"
source = "registry+https://github.com/rust-lang/crates.io-index"
checksum = "d05d0b6fcd0aeb98adf16e7975331b3c17222aa815148f5b976370ce589d80ef"
dependencies = [
 "leb128",
]

[[package]]
name = "wasmparser"
version = "0.102.0"
source = "registry+https://github.com/rust-lang/crates.io-index"
checksum = "48134de3d7598219ab9eaf6b91b15d8e50d31da76b8519fe4ecfcec2cf35104b"
dependencies = [
 "indexmap",
 "url",
]

[[package]]
name = "wasmtime"
version = "8.0.1"
source = "registry+https://github.com/rust-lang/crates.io-index"
checksum = "f907fdead3153cb9bfb7a93bbd5b62629472dc06dee83605358c64c52ed3dda9"
dependencies = [
 "anyhow",
 "async-trait",
 "bincode",
 "cfg-if",
 "indexmap",
 "libc",
 "log",
 "object",
 "once_cell",
 "paste",
 "psm",
 "serde",
 "target-lexicon",
 "wasmparser",
 "wasmtime-component-macro",
 "wasmtime-cranelift",
 "wasmtime-environ",
 "wasmtime-fiber",
 "wasmtime-jit",
 "wasmtime-runtime",
 "wat",
 "windows-sys 0.45.0",
]

[[package]]
name = "wasmtime-asm-macros"
version = "8.0.1"
source = "registry+https://github.com/rust-lang/crates.io-index"
checksum = "d3b9daa7c14cd4fa3edbf69de994408d5f4b7b0959ac13fa69d465f6597f810d"
dependencies = [
 "cfg-if",
]

[[package]]
name = "wasmtime-component-macro"
version = "8.0.1"
source = "registry+https://github.com/rust-lang/crates.io-index"
checksum = "267096ed7cc93b4ab15d3daa4f195e04dbb7e71c7e5c6457ae7d52e9dd9c3607"
dependencies = [
 "anyhow",
 "proc-macro2",
 "quote",
 "syn",
 "wasmtime-component-util",
 "wasmtime-wit-bindgen",
 "wit-parser",
]

[[package]]
name = "wasmtime-component-util"
version = "8.0.1"
source = "registry+https://github.com/rust-lang/crates.io-index"
checksum = "74e02ca7a4a3c69d72b88f26f0192e333958df6892415ac9ab84dcc42c9000c2"

[[package]]
name = "wasmtime-cranelift"
version = "8.0.1"
source = "registry+https://github.com/rust-lang/crates.io-index"
checksum = "b1cefde0cce8cb700b1b21b6298a3837dba46521affd7b8c38a9ee2c869eee04"
dependencies = [
 "anyhow",
 "cranelift-codegen",
 "cranelift-entity",
 "cranelift-frontend",
 "cranelift-native",
 "cranelift-wasm",
 "gimli",
 "log",
 "object",
 "target-lexicon",
 "thiserror",
 "wasmparser",
 "wasmtime-cranelift-shared",
 "wasmtime-environ",
]

[[package]]
name = "wasmtime-cranelift-shared"
version = "8.0.1"
source = "registry+https://github.com/rust-lang/crates.io-index"
checksum = "cd041e382ef5aea1b9fc78442394f1a4f6d676ce457e7076ca4cb3f397882f8b"
dependencies = [
 "anyhow",
 "cranelift-codegen",
 "cranelift-native",
 "gimli",
 "object",
 "target-lexicon",
 "wasmtime-environ",
]

[[package]]
name = "wasmtime-environ"
version = "8.0.1"
source = "registry+https://github.com/rust-lang/crates.io-index"
checksum = "a990198cee4197423045235bf89d3359e69bd2ea031005f4c2d901125955c949"
dependencies = [
 "anyhow",
 "cranelift-entity",
 "gimli",
 "indexmap",
 "log",
 "object",
 "serde",
 "target-lexicon",
 "thiserror",
 "wasmparser",
 "wasmtime-types",
]

[[package]]
name = "wasmtime-fiber"
version = "8.0.1"
source = "registry+https://github.com/rust-lang/crates.io-index"
checksum = "7ab182d5ab6273a133ab88db94d8ca86dc3e57e43d70baaa4d98f94ddbd7d10a"
dependencies = [
 "cc",
 "cfg-if",
 "rustix",
 "wasmtime-asm-macros",
 "windows-sys 0.45.0",
]

[[package]]
name = "wasmtime-jit"
version = "8.0.1"
source = "registry+https://github.com/rust-lang/crates.io-index"
checksum = "0de48df552cfca1c9b750002d3e07b45772dd033b0b206d5c0968496abf31244"
dependencies = [
 "addr2line",
 "anyhow",
 "bincode",
 "cfg-if",
 "cpp_demangle",
 "gimli",
 "log",
 "object",
 "rustc-demangle",
 "serde",
 "target-lexicon",
 "wasmtime-environ",
 "wasmtime-jit-icache-coherence",
 "wasmtime-runtime",
 "windows-sys 0.45.0",
]

[[package]]
name = "wasmtime-jit-debug"
version = "8.0.1"
source = "registry+https://github.com/rust-lang/crates.io-index"
checksum = "6e0554b84c15a27d76281d06838aed94e13a77d7bf604bbbaf548aa20eb93846"
dependencies = [
 "once_cell",
]

[[package]]
name = "wasmtime-jit-icache-coherence"
version = "8.0.1"
source = "registry+https://github.com/rust-lang/crates.io-index"
checksum = "aecae978b13f7f67efb23bd827373ace4578f2137ec110bbf6a4a7cde4121bbd"
dependencies = [
 "cfg-if",
 "libc",
 "windows-sys 0.45.0",
]

[[package]]
name = "wasmtime-runtime"
version = "8.0.1"
source = "registry+https://github.com/rust-lang/crates.io-index"
checksum = "658cf6f325232b6760e202e5255d823da5e348fdea827eff0a2a22319000b441"
dependencies = [
 "anyhow",
 "cc",
 "cfg-if",
 "indexmap",
 "libc",
 "log",
 "mach",
 "memfd",
 "memoffset",
 "paste",
 "rand",
 "rustix",
 "wasmtime-asm-macros",
 "wasmtime-environ",
 "wasmtime-fiber",
 "wasmtime-jit-debug",
 "windows-sys 0.45.0",
]

[[package]]
name = "wasmtime-types"
version = "8.0.1"
source = "registry+https://github.com/rust-lang/crates.io-index"
checksum = "a4f6fffd2a1011887d57f07654dd112791e872e3ff4a2e626aee8059ee17f06f"
dependencies = [
 "cranelift-entity",
 "serde",
 "thiserror",
 "wasmparser",
]

[[package]]
name = "wasmtime-wasi"
version = "8.0.1"
source = "registry+https://github.com/rust-lang/crates.io-index"
checksum = "4a3b5cb7606625ec229f0e33394a1637b34a58ad438526eba859b5fdb422ac1e"
dependencies = [
 "anyhow",
 "libc",
 "wasi-cap-std-sync",
 "wasi-common",
 "wasmtime",
 "wiggle",
]

[[package]]
name = "wasmtime-wit-bindgen"
version = "8.0.1"
source = "registry+https://github.com/rust-lang/crates.io-index"
checksum = "983db9cc294d1adaa892a53ff6a0dc6605fc0ab1a4da5d8a2d2d4bde871ff7dd"
dependencies = [
 "anyhow",
 "heck",
 "wit-parser",
]

[[package]]
name = "wasmtime_bindings"
version = "0.1.0"
dependencies = [
 "anyhow",
 "cxx",
 "futures",
 "wasmtime",
 "wasmtime-wasi",
]

[[package]]
name = "wast"
version = "35.0.2"
source = "registry+https://github.com/rust-lang/crates.io-index"
checksum = "2ef140f1b49946586078353a453a1d28ba90adfc54dde75710bc1931de204d68"
dependencies = [
 "leb128",
]

[[package]]
name = "wast"
version = "57.0.0"
source = "registry+https://github.com/rust-lang/crates.io-index"
checksum = "6eb0f5ed17ac4421193c7477da05892c2edafd67f9639e3c11a82086416662dc"
dependencies = [
 "leb128",
 "memchr",
 "unicode-width",
 "wasm-encoder",
]

[[package]]
name = "wat"
version = "1.0.63"
source = "registry+https://github.com/rust-lang/crates.io-index"
checksum = "ab9ab0d87337c3be2bb6fc5cd331c4ba9fd6bcb4ee85048a0dd59ed9ecf92e53"
dependencies = [
 "wast 57.0.0",
]

[[package]]
name = "wiggle"
version = "8.0.1"
source = "registry+https://github.com/rust-lang/crates.io-index"
checksum = "6b16a7462893c46c6d3dd2a1f99925953bdbb921080606e1a4c9344864492fa4"
dependencies = [
 "anyhow",
 "async-trait",
 "bitflags",
 "thiserror",
 "tracing",
 "wasmtime",
 "wiggle-macro",
]

[[package]]
name = "wiggle-generate"
version = "8.0.1"
source = "registry+https://github.com/rust-lang/crates.io-index"
checksum = "489499e186ab24c8ac6d89e9934c54ced6f19bd473730e6a74f533bd67ecd905"
dependencies = [
 "anyhow",
 "heck",
 "proc-macro2",
 "quote",
 "shellexpand",
 "syn",
 "witx",
]

[[package]]
name = "wiggle-macro"
version = "8.0.1"
source = "registry+https://github.com/rust-lang/crates.io-index"
checksum = "e9142e7fce24a4344c85a43c8b719ef434fc6155223bade553e186cb4183b6cc"
dependencies = [
 "proc-macro2",
 "quote",
 "syn",
 "wiggle-generate",
]

[[package]]
name = "winapi"
version = "0.3.9"
source = "registry+https://github.com/rust-lang/crates.io-index"
checksum = "5c839a674fcd7a98952e593242ea400abe93992746761e38641405d28b00f419"
dependencies = [
 "winapi-i686-pc-windows-gnu",
 "winapi-x86_64-pc-windows-gnu",
]

[[package]]
name = "winapi-i686-pc-windows-gnu"
version = "0.4.0"
source = "registry+https://github.com/rust-lang/crates.io-index"
checksum = "ac3b87c63620426dd9b991e5ce0329eff545bccbbb34f3be09ff6fb6ab51b7b6"

[[package]]
name = "winapi-x86_64-pc-windows-gnu"
version = "0.4.0"
source = "registry+https://github.com/rust-lang/crates.io-index"
checksum = "712e227841d057c1ee1cd2fb22fa7e5a5461ae8e48fa2ca79ec42cfc1931183f"

[[package]]
name = "windows-sys"
version = "0.42.0"
source = "registry+https://github.com/rust-lang/crates.io-index"
checksum = "5a3e1820f08b8513f676f7ab6c1f99ff312fb97b553d30ff4dd86f9f15728aa7"
dependencies = [
 "windows_aarch64_gnullvm 0.42.2",
 "windows_aarch64_msvc 0.42.2",
 "windows_i686_gnu 0.42.2",
 "windows_i686_msvc 0.42.2",
 "windows_x86_64_gnu 0.42.2",
 "windows_x86_64_gnullvm 0.42.2",
 "windows_x86_64_msvc 0.42.2",
]

[[package]]
name = "windows-sys"
version = "0.45.0"
source = "registry+https://github.com/rust-lang/crates.io-index"
checksum = "75283be5efb2831d37ea142365f009c02ec203cd29a3ebecbc093d52315b66d0"
dependencies = [
 "windows-targets 0.42.2",
]

[[package]]
name = "windows-sys"
version = "0.52.0"
source = "registry+https://github.com/rust-lang/crates.io-index"
checksum = "282be5f36a8ce781fad8c8ae18fa3f9beff57ec1b52cb3de0789201425d9a33d"
dependencies = [
 "windows-targets 0.52.0",
]

[[package]]
name = "windows-targets"
version = "0.42.2"
source = "registry+https://github.com/rust-lang/crates.io-index"
checksum = "8e5180c00cd44c9b1c88adb3693291f1cd93605ded80c250a75d472756b4d071"
dependencies = [
 "windows_aarch64_gnullvm 0.42.2",
 "windows_aarch64_msvc 0.42.2",
 "windows_i686_gnu 0.42.2",
 "windows_i686_msvc 0.42.2",
 "windows_x86_64_gnu 0.42.2",
 "windows_x86_64_gnullvm 0.42.2",
 "windows_x86_64_msvc 0.42.2",
]

[[package]]
name = "windows-targets"
version = "0.52.0"
source = "registry+https://github.com/rust-lang/crates.io-index"
checksum = "8a18201040b24831fbb9e4eb208f8892e1f50a37feb53cc7ff887feb8f50e7cd"
dependencies = [
 "windows_aarch64_gnullvm 0.52.0",
 "windows_aarch64_msvc 0.52.0",
 "windows_i686_gnu 0.52.0",
 "windows_i686_msvc 0.52.0",
 "windows_x86_64_gnu 0.52.0",
 "windows_x86_64_gnullvm 0.52.0",
 "windows_x86_64_msvc 0.52.0",
]

[[package]]
name = "windows_aarch64_gnullvm"
version = "0.42.2"
source = "registry+https://github.com/rust-lang/crates.io-index"
checksum = "597a5118570b68bc08d8d59125332c54f1ba9d9adeedeef5b99b02ba2b0698f8"

[[package]]
name = "windows_aarch64_gnullvm"
version = "0.52.0"
source = "registry+https://github.com/rust-lang/crates.io-index"
checksum = "cb7764e35d4db8a7921e09562a0304bf2f93e0a51bfccee0bd0bb0b666b015ea"

[[package]]
name = "windows_aarch64_msvc"
version = "0.42.2"
source = "registry+https://github.com/rust-lang/crates.io-index"
checksum = "e08e8864a60f06ef0d0ff4ba04124db8b0fb3be5776a5cd47641e942e58c4d43"

[[package]]
name = "windows_aarch64_msvc"
version = "0.52.0"
source = "registry+https://github.com/rust-lang/crates.io-index"
checksum = "bbaa0368d4f1d2aaefc55b6fcfee13f41544ddf36801e793edbbfd7d7df075ef"

[[package]]
name = "windows_i686_gnu"
version = "0.42.2"
source = "registry+https://github.com/rust-lang/crates.io-index"
checksum = "c61d927d8da41da96a81f029489353e68739737d3beca43145c8afec9a31a84f"

[[package]]
name = "windows_i686_gnu"
version = "0.52.0"
source = "registry+https://github.com/rust-lang/crates.io-index"
checksum = "a28637cb1fa3560a16915793afb20081aba2c92ee8af57b4d5f28e4b3e7df313"

[[package]]
name = "windows_i686_msvc"
version = "0.42.2"
source = "registry+https://github.com/rust-lang/crates.io-index"
checksum = "44d840b6ec649f480a41c8d80f9c65108b92d89345dd94027bfe06ac444d1060"

[[package]]
name = "windows_i686_msvc"
version = "0.52.0"
source = "registry+https://github.com/rust-lang/crates.io-index"
checksum = "ffe5e8e31046ce6230cc7215707b816e339ff4d4d67c65dffa206fd0f7aa7b9a"

[[package]]
name = "windows_x86_64_gnu"
version = "0.42.2"
source = "registry+https://github.com/rust-lang/crates.io-index"
checksum = "8de912b8b8feb55c064867cf047dda097f92d51efad5b491dfb98f6bbb70cb36"

[[package]]
name = "windows_x86_64_gnu"
version = "0.52.0"
source = "registry+https://github.com/rust-lang/crates.io-index"
checksum = "3d6fa32db2bc4a2f5abeacf2b69f7992cd09dca97498da74a151a3132c26befd"

[[package]]
name = "windows_x86_64_gnullvm"
version = "0.42.2"
source = "registry+https://github.com/rust-lang/crates.io-index"
checksum = "26d41b46a36d453748aedef1486d5c7a85db22e56aff34643984ea85514e94a3"

[[package]]
name = "windows_x86_64_gnullvm"
version = "0.52.0"
source = "registry+https://github.com/rust-lang/crates.io-index"
checksum = "1a657e1e9d3f514745a572a6846d3c7aa7dbe1658c056ed9c3344c4109a6949e"

[[package]]
name = "windows_x86_64_msvc"
version = "0.42.2"
source = "registry+https://github.com/rust-lang/crates.io-index"
checksum = "9aec5da331524158c6d1a4ac0ab1541149c0b9505fde06423b02f5ef0106b9f0"

[[package]]
name = "windows_x86_64_msvc"
version = "0.52.0"
source = "registry+https://github.com/rust-lang/crates.io-index"
checksum = "dff9641d1cd4be8d1a070daf9e3773c5f67e78b4d9d42263020c057706765c04"

[[package]]
name = "winx"
version = "0.34.0"
source = "registry+https://github.com/rust-lang/crates.io-index"
checksum = "9baf690e238840de84bbfad6ad72d6628c41d34c1a5e276dab7fb2c9167ca1ac"
dependencies = [
 "bitflags",
 "io-lifetimes",
 "windows-sys 0.42.0",
]

[[package]]
name = "wit-parser"
version = "0.6.4"
source = "registry+https://github.com/rust-lang/crates.io-index"
checksum = "f887c3da527a51b321076ebe6a7513026a4757b6d4d144259946552d6fc728b3"
dependencies = [
 "anyhow",
 "id-arena",
 "indexmap",
 "log",
 "pulldown-cmark",
 "unicode-xid",
 "url",
]

[[package]]
name = "witx"
version = "0.9.1"
source = "registry+https://github.com/rust-lang/crates.io-index"
checksum = "e366f27a5cabcddb2706a78296a40b8fcc451e1a6aba2fc1d94b4a01bdaaef4b"
dependencies = [
 "anyhow",
 "log",
 "thiserror",
 "wast 35.0.2",
]
